
Microsoft Visual Studio Solution File, Format Version 12.00
# Visual Studio Version 16
VisualStudioVersion = 16.0.28803.452
MinimumVisualStudioVersion = 10.0.40219.1
Project("{FAE04EC0-301F-11D3-BF4B-00C04F79EFBC}") = "BatchRename", "File-Tool\BatchRename.csproj", "{49939D52-7166-471F-94F9-752FA6B20EDE}"
EndProject
Global
	GlobalSection(SolutionConfigurationPlatforms) = preSolution
		Debug|Any CPU = Debug|Any CPU
		Release|Any CPU = Release|Any CPU
	EndGlobalSection
	GlobalSection(ProjectConfigurationPlatforms) = postSolution
		{49939D52-7166-471F-94F9-752FA6B20EDE}.Debug|Any CPU.ActiveCfg = Debug|Any CPU
		{49939D52-7166-471F-94F9-752FA6B20EDE}.Debug|Any CPU.Build.0 = Debug|Any CPU
		{49939D52-7166-471F-94F9-752FA6B20EDE}.Release|Any CPU.ActiveCfg = Release|Any CPU
		{49939D52-7166-471F-94F9-752FA6B20EDE}.Release|Any CPU.Build.0 = Release|Any CPU
	EndGlobalSection
	GlobalSection(SolutionProperties) = preSolution
		HideSolutionNode = FALSE
	EndGlobalSection
	GlobalSection(ExtensibilityGlobals) = postSolution
		SolutionGuid = {41895050-C5E9-4609-9779-3EDCCECDC8CE}
	EndGlobalSection
EndGlobal
